// !$*UTF8*$!
{
	archiveVersion = 1;
	classes = {
	};
	objectVersion = 56;
	objects = {

/* Begin PBXBuildFile section */
		78A391AF29FAEBE100B32E0C /* DemoListAppApp.swift in Sources */ = {isa = PBXBuildFile; fileRef = 78A391AE29FAEBE100B32E0C /* DemoListAppApp.swift */; };
		78A391B129FAEBE100B32E0C /* ContentView.swift in Sources */ = {isa = PBXBuildFile; fileRef = 78A391B029FAEBE100B32E0C /* ContentView.swift */; };
		78A391B329FAEBE800B32E0C /* Assets.xcassets in Resources */ = {isa = PBXBuildFile; fileRef = 78A391B229FAEBE800B32E0C /* Assets.xcassets */; };
		78A391B629FAEBE800B32E0C /* Preview Assets.xcassets in Resources */ = {isa = PBXBuildFile; fileRef = 78A391B529FAEBE800B32E0C /* Preview Assets.xcassets */; };
		78A391C029FAEBE800B32E0C /* DemoListAppTests.swift in Sources */ = {isa = PBXBuildFile; fileRef = 78A391BF29FAEBE800B32E0C /* DemoListAppTests.swift */; };
		78A391CA29FAEBE800B32E0C /* DemoListAppUITests.swift in Sources */ = {isa = PBXBuildFile; fileRef = 78A391C929FAEBE800B32E0C /* DemoListAppUITests.swift */; };
		78A391CC29FAEBE800B32E0C /* DemoListAppUITestsLaunchTests.swift in Sources */ = {isa = PBXBuildFile; fileRef = 78A391CB29FAEBE800B32E0C /* DemoListAppUITestsLaunchTests.swift */; };
		78A391DB29FAEC6D00B32E0C /* ProductList.swift in Sources */ = {isa = PBXBuildFile; fileRef = 78A391DA29FAEC6D00B32E0C /* ProductList.swift */; };
		78A391DD2A00E38A00B32E0C /* ProductListRow.swift in Sources */ = {isa = PBXBuildFile; fileRef = 78A391DC2A00E38A00B32E0C /* ProductListRow.swift */; };
		78A391DF2A00FFF600B32E0C /* ProductListViewModel.swift in Sources */ = {isa = PBXBuildFile; fileRef = 78A391DE2A00FFF600B32E0C /* ProductListViewModel.swift */; };
		78A391E12A01000A00B32E0C /* ProductListModel.swift in Sources */ = {isa = PBXBuildFile; fileRef = 78A391E02A01000A00B32E0C /* ProductListModel.swift */; };
		78A391E32A0100BE00B32E0C /* APIService.swift in Sources */ = {isa = PBXBuildFile; fileRef = 78A391E22A0100BE00B32E0C /* APIService.swift */; };
		78A391E52A0121A100B32E0C /* ProductRowViewModel.swift in Sources */ = {isa = PBXBuildFile; fileRef = 78A391E42A0121A100B32E0C /* ProductRowViewModel.swift */; };
		78A391E82A01509900B32E0C /* DetailView.swift in Sources */ = {isa = PBXBuildFile; fileRef = 78A391E72A01509900B32E0C /* DetailView.swift */; };
		78A391EA2A0151FA00B32E0C /* BottomTabView.swift in Sources */ = {isa = PBXBuildFile; fileRef = 78A391E92A0151FA00B32E0C /* BottomTabView.swift */; };
		78A391F22A01A55D00B32E0C /* FavouritesList.swift in Sources */ = {isa = PBXBuildFile; fileRef = 78A391F12A01A55C00B32E0C /* FavouritesList.swift */; };
		78A391F42A01A62C00B32E0C /* FavouriteListRow.swift in Sources */ = {isa = PBXBuildFile; fileRef = 78A391F32A01A62C00B32E0C /* FavouriteListRow.swift */; };
		78F105C72A01AD1F00A033F8 /* HomeTabView.swift in Sources */ = {isa = PBXBuildFile; fileRef = 78F105C62A01AD1F00A033F8 /* HomeTabView.swift */; };
/* End PBXBuildFile section */

/* Begin PBXContainerItemProxy section */
		78A391BC29FAEBE800B32E0C /* PBXContainerItemProxy */ = {
			isa = PBXContainerItemProxy;
			containerPortal = 78A391A329FAEBE100B32E0C /* Project object */;
			proxyType = 1;
			remoteGlobalIDString = 78A391AA29FAEBE100B32E0C;
			remoteInfo = DemoListApp;
		};
		78A391C629FAEBE800B32E0C /* PBXContainerItemProxy */ = {
			isa = PBXContainerItemProxy;
			containerPortal = 78A391A329FAEBE100B32E0C /* Project object */;
			proxyType = 1;
			remoteGlobalIDString = 78A391AA29FAEBE100B32E0C;
			remoteInfo = DemoListApp;
		};
/* End PBXContainerItemProxy section */

/* Begin PBXFileReference section */
		78A391AB29FAEBE100B32E0C /* DemoListApp.app */ = {isa = PBXFileReference; explicitFileType = wrapper.application; includeInIndex = 0; path = DemoListApp.app; sourceTree = BUILT_PRODUCTS_DIR; };
		78A391AE29FAEBE100B32E0C /* DemoListAppApp.swift */ = {isa = PBXFileReference; lastKnownFileType = sourcecode.swift; path = DemoListAppApp.swift; sourceTree = "<group>"; };
		78A391B029FAEBE100B32E0C /* ContentView.swift */ = {isa = PBXFileReference; lastKnownFileType = sourcecode.swift; path = ContentView.swift; sourceTree = "<group>"; };
		78A391B229FAEBE800B32E0C /* Assets.xcassets */ = {isa = PBXFileReference; lastKnownFileType = folder.assetcatalog; path = Assets.xcassets; sourceTree = "<group>"; };
		78A391B529FAEBE800B32E0C /* Preview Assets.xcassets */ = {isa = PBXFileReference; lastKnownFileType = folder.assetcatalog; path = "Preview Assets.xcassets"; sourceTree = "<group>"; };
		78A391BB29FAEBE800B32E0C /* DemoListAppTests.xctest */ = {isa = PBXFileReference; explicitFileType = wrapper.cfbundle; includeInIndex = 0; path = DemoListAppTests.xctest; sourceTree = BUILT_PRODUCTS_DIR; };
		78A391BF29FAEBE800B32E0C /* DemoListAppTests.swift */ = {isa = PBXFileReference; lastKnownFileType = sourcecode.swift; path = DemoListAppTests.swift; sourceTree = "<group>"; };
		78A391C529FAEBE800B32E0C /* DemoListAppUITests.xctest */ = {isa = PBXFileReference; explicitFileType = wrapper.cfbundle; includeInIndex = 0; path = DemoListAppUITests.xctest; sourceTree = BUILT_PRODUCTS_DIR; };
		78A391C929FAEBE800B32E0C /* DemoListAppUITests.swift */ = {isa = PBXFileReference; lastKnownFileType = sourcecode.swift; path = DemoListAppUITests.swift; sourceTree = "<group>"; };
		78A391CB29FAEBE800B32E0C /* DemoListAppUITestsLaunchTests.swift */ = {isa = PBXFileReference; lastKnownFileType = sourcecode.swift; path = DemoListAppUITestsLaunchTests.swift; sourceTree = "<group>"; };
		78A391DA29FAEC6D00B32E0C /* ProductList.swift */ = {isa = PBXFileReference; lastKnownFileType = sourcecode.swift; path = ProductList.swift; sourceTree = "<group>"; };
		78A391DC2A00E38A00B32E0C /* ProductListRow.swift */ = {isa = PBXFileReference; lastKnownFileType = sourcecode.swift; path = ProductListRow.swift; sourceTree = "<group>"; };
		78A391DE2A00FFF600B32E0C /* ProductListViewModel.swift */ = {isa = PBXFileReference; lastKnownFileType = sourcecode.swift; path = ProductListViewModel.swift; sourceTree = "<group>"; };
		78A391E02A01000A00B32E0C /* ProductListModel.swift */ = {isa = PBXFileReference; lastKnownFileType = sourcecode.swift; path = ProductListModel.swift; sourceTree = "<group>"; };
		78A391E22A0100BE00B32E0C /* APIService.swift */ = {isa = PBXFileReference; lastKnownFileType = sourcecode.swift; path = APIService.swift; sourceTree = "<group>"; };
		78A391E42A0121A100B32E0C /* ProductRowViewModel.swift */ = {isa = PBXFileReference; lastKnownFileType = sourcecode.swift; path = ProductRowViewModel.swift; sourceTree = "<group>"; };
		78A391E62A012B4900B32E0C /* Info.plist */ = {isa = PBXFileReference; lastKnownFileType = text.plist; path = Info.plist; sourceTree = "<group>"; };
		78A391E72A01509900B32E0C /* DetailView.swift */ = {isa = PBXFileReference; lastKnownFileType = sourcecode.swift; path = DetailView.swift; sourceTree = "<group>"; };
		78A391E92A0151FA00B32E0C /* BottomTabView.swift */ = {isa = PBXFileReference; lastKnownFileType = sourcecode.swift; path = BottomTabView.swift; sourceTree = "<group>"; };
		78A391F12A01A55C00B32E0C /* FavouritesList.swift */ = {isa = PBXFileReference; lastKnownFileType = sourcecode.swift; path = FavouritesList.swift; sourceTree = "<group>"; };
		78A391F32A01A62C00B32E0C /* FavouriteListRow.swift */ = {isa = PBXFileReference; lastKnownFileType = sourcecode.swift; path = FavouriteListRow.swift; sourceTree = "<group>"; };
		78F105C62A01AD1F00A033F8 /* HomeTabView.swift */ = {isa = PBXFileReference; lastKnownFileType = sourcecode.swift; path = HomeTabView.swift; sourceTree = "<group>"; };
/* End PBXFileReference section */

/* Begin PBXFrameworksBuildPhase section */
		78A391A829FAEBE100B32E0C /* Frameworks */ = {
			isa = PBXFrameworksBuildPhase;
			buildActionMask = 2147483647;
			files = (
			);
			runOnlyForDeploymentPostprocessing = 0;
		};
		78A391B829FAEBE800B32E0C /* Frameworks */ = {
			isa = PBXFrameworksBuildPhase;
			buildActionMask = 2147483647;
			files = (
			);
			runOnlyForDeploymentPostprocessing = 0;
		};
		78A391C229FAEBE800B32E0C /* Frameworks */ = {
			isa = PBXFrameworksBuildPhase;
			buildActionMask = 2147483647;
			files = (
			);
			runOnlyForDeploymentPostprocessing = 0;
		};
/* End PBXFrameworksBuildPhase section */

/* Begin PBXGroup section */
		78A391A229FAEBE100B32E0C = {
			isa = PBXGroup;
			children = (
				78A391AD29FAEBE100B32E0C /* DemoListApp */,
				78A391BE29FAEBE800B32E0C /* DemoListAppTests */,
				78A391C829FAEBE800B32E0C /* DemoListAppUITests */,
				78A391AC29FAEBE100B32E0C /* Products */,
			);
			sourceTree = "<group>";
		};
		78A391AC29FAEBE100B32E0C /* Products */ = {
			isa = PBXGroup;
			children = (
				78A391AB29FAEBE100B32E0C /* DemoListApp.app */,
				78A391BB29FAEBE800B32E0C /* DemoListAppTests.xctest */,
				78A391C529FAEBE800B32E0C /* DemoListAppUITests.xctest */,
			);
			name = Products;
			sourceTree = "<group>";
		};
		78A391AD29FAEBE100B32E0C /* DemoListApp */ = {
			isa = PBXGroup;
			children = (
				78A391E62A012B4900B32E0C /* Info.plist */,
				78A391AE29FAEBE100B32E0C /* DemoListAppApp.swift */,
				78A391EF2A019F0D00B32E0C /* ViewModel */,
				78A391ED2A019EC100B32E0C /* View */,
				78A391F02A019F2D00B32E0C /* Model */,
				78A391EE2A019EF700B32E0C /* Network */,
				78A391B229FAEBE800B32E0C /* Assets.xcassets */,
				78A391B429FAEBE800B32E0C /* Preview Content */,
			);
			path = DemoListApp;
			sourceTree = "<group>";
		};
		78A391B429FAEBE800B32E0C /* Preview Content */ = {
			isa = PBXGroup;
			children = (
				78A391B529FAEBE800B32E0C /* Preview Assets.xcassets */,
			);
			path = "Preview Content";
			sourceTree = "<group>";
		};
		78A391BE29FAEBE800B32E0C /* DemoListAppTests */ = {
			isa = PBXGroup;
			children = (
				78A391BF29FAEBE800B32E0C /* DemoListAppTests.swift */,
			);
			path = DemoListAppTests;
			sourceTree = "<group>";
		};
		78A391C829FAEBE800B32E0C /* DemoListAppUITests */ = {
			isa = PBXGroup;
			children = (
				78A391C929FAEBE800B32E0C /* DemoListAppUITests.swift */,
				78A391CB29FAEBE800B32E0C /* DemoListAppUITestsLaunchTests.swift */,
			);
			path = DemoListAppUITests;
			sourceTree = "<group>";
		};
		78A391ED2A019EC100B32E0C /* View */ = {
			isa = PBXGroup;
			children = (
				78A391E92A0151FA00B32E0C /* BottomTabView.swift */,
				78A391E72A01509900B32E0C /* DetailView.swift */,
				78A391DC2A00E38A00B32E0C /* ProductListRow.swift */,
				78A391F32A01A62C00B32E0C /* FavouriteListRow.swift */,
				78A391DA29FAEC6D00B32E0C /* ProductList.swift */,
				78A391B029FAEBE100B32E0C /* ContentView.swift */,
				78F105C62A01AD1F00A033F8 /* HomeTabView.swift */,
				78A391F12A01A55C00B32E0C /* FavouritesList.swift */,
			);
			path = View;
			sourceTree = "<group>";
		};
		78A391EE2A019EF700B32E0C /* Network */ = {
			isa = PBXGroup;
			children = (
				78A391E22A0100BE00B32E0C /* APIService.swift */,
			);
			path = Network;
			sourceTree = "<group>";
		};
		78A391EF2A019F0D00B32E0C /* ViewModel */ = {
			isa = PBXGroup;
			children = (
				78A391E42A0121A100B32E0C /* ProductRowViewModel.swift */,
				78A391DE2A00FFF600B32E0C /* ProductListViewModel.swift */,
			);
			path = ViewModel;
			sourceTree = "<group>";
		};
		78A391F02A019F2D00B32E0C /* Model */ = {
			isa = PBXGroup;
			children = (
				78A391E02A01000A00B32E0C /* ProductListModel.swift */,
			);
			path = Model;
			sourceTree = "<group>";
		};
/* End PBXGroup section */

/* Begin PBXNativeTarget section */
		78A391AA29FAEBE100B32E0C /* DemoListApp */ = {
			isa = PBXNativeTarget;
			buildConfigurationList = 78A391CF29FAEBE800B32E0C /* Build configuration list for PBXNativeTarget "DemoListApp" */;
			buildPhases = (
				78A391A729FAEBE100B32E0C /* Sources */,
				78A391A829FAEBE100B32E0C /* Frameworks */,
				78A391A929FAEBE100B32E0C /* Resources */,
			);
			buildRules = (
			);
			dependencies = (
			);
			name = DemoListApp;
			productName = DemoListApp;
			productReference = 78A391AB29FAEBE100B32E0C /* DemoListApp.app */;
			productType = "com.apple.product-type.application";
		};
		78A391BA29FAEBE800B32E0C /* DemoListAppTests */ = {
			isa = PBXNativeTarget;
			buildConfigurationList = 78A391D229FAEBE800B32E0C /* Build configuration list for PBXNativeTarget "DemoListAppTests" */;
			buildPhases = (
				78A391B729FAEBE800B32E0C /* Sources */,
				78A391B829FAEBE800B32E0C /* Frameworks */,
				78A391B929FAEBE800B32E0C /* Resources */,
			);
			buildRules = (
			);
			dependencies = (
				78A391BD29FAEBE800B32E0C /* PBXTargetDependency */,
			);
			name = DemoListAppTests;
			productName = DemoListAppTests;
			productReference = 78A391BB29FAEBE800B32E0C /* DemoListAppTests.xctest */;
			productType = "com.apple.product-type.bundle.unit-test";
		};
		78A391C429FAEBE800B32E0C /* DemoListAppUITests */ = {
			isa = PBXNativeTarget;
			buildConfigurationList = 78A391D529FAEBE800B32E0C /* Build configuration list for PBXNativeTarget "DemoListAppUITests" */;
			buildPhases = (
				78A391C129FAEBE800B32E0C /* Sources */,
				78A391C229FAEBE800B32E0C /* Frameworks */,
				78A391C329FAEBE800B32E0C /* Resources */,
			);
			buildRules = (
			);
			dependencies = (
				78A391C729FAEBE800B32E0C /* PBXTargetDependency */,
			);
			name = DemoListAppUITests;
			productName = DemoListAppUITests;
			productReference = 78A391C529FAEBE800B32E0C /* DemoListAppUITests.xctest */;
			productType = "com.apple.product-type.bundle.ui-testing";
		};
/* End PBXNativeTarget section */

/* Begin PBXProject section */
		78A391A329FAEBE100B32E0C /* Project object */ = {
			isa = PBXProject;
			attributes = {
				BuildIndependentTargetsInParallel = 1;
				LastSwiftUpdateCheck = 1420;
				LastUpgradeCheck = 1420;
				TargetAttributes = {
					78A391AA29FAEBE100B32E0C = {
						CreatedOnToolsVersion = 14.2;
					};
					78A391BA29FAEBE800B32E0C = {
						CreatedOnToolsVersion = 14.2;
						TestTargetID = 78A391AA29FAEBE100B32E0C;
					};
					78A391C429FAEBE800B32E0C = {
						CreatedOnToolsVersion = 14.2;
						TestTargetID = 78A391AA29FAEBE100B32E0C;
					};
				};
			};
			buildConfigurationList = 78A391A629FAEBE100B32E0C /* Build configuration list for PBXProject "DemoListApp" */;
			compatibilityVersion = "Xcode 14.0";
			developmentRegion = en;
			hasScannedForEncodings = 0;
			knownRegions = (
				en,
				Base,
			);
			mainGroup = 78A391A229FAEBE100B32E0C;
			productRefGroup = 78A391AC29FAEBE100B32E0C /* Products */;
			projectDirPath = "";
			projectRoot = "";
			targets = (
				78A391AA29FAEBE100B32E0C /* DemoListApp */,
				78A391BA29FAEBE800B32E0C /* DemoListAppTests */,
				78A391C429FAEBE800B32E0C /* DemoListAppUITests */,
			);
		};
/* End PBXProject section */

/* Begin PBXResourcesBuildPhase section */
		78A391A929FAEBE100B32E0C /* Resources */ = {
			isa = PBXResourcesBuildPhase;
			buildActionMask = 2147483647;
			files = (
				78A391B629FAEBE800B32E0C /* Preview Assets.xcassets in Resources */,
				78A391B329FAEBE800B32E0C /* Assets.xcassets in Resources */,
			);
			runOnlyForDeploymentPostprocessing = 0;
		};
		78A391B929FAEBE800B32E0C /* Resources */ = {
			isa = PBXResourcesBuildPhase;
			buildActionMask = 2147483647;
			files = (
			);
			runOnlyForDeploymentPostprocessing = 0;
		};
		78A391C329FAEBE800B32E0C /* Resources */ = {
			isa = PBXResourcesBuildPhase;
			buildActionMask = 2147483647;
			files = (
			);
			runOnlyForDeploymentPostprocessing = 0;
		};
/* End PBXResourcesBuildPhase section */

/* Begin PBXSourcesBuildPhase section */
		78A391A729FAEBE100B32E0C /* Sources */ = {
			isa = PBXSourcesBuildPhase;
			buildActionMask = 2147483647;
			files = (
				78A391F22A01A55D00B32E0C /* FavouritesList.swift in Sources */,
				78A391EA2A0151FA00B32E0C /* BottomTabView.swift in Sources */,
				78A391F42A01A62C00B32E0C /* FavouriteListRow.swift in Sources */,
				78F105C72A01AD1F00A033F8 /* HomeTabView.swift in Sources */,
				78A391DD2A00E38A00B32E0C /* ProductListRow.swift in Sources */,
				78A391E82A01509900B32E0C /* DetailView.swift in Sources */,
				78A391E52A0121A100B32E0C /* ProductRowViewModel.swift in Sources */,
				78A391E32A0100BE00B32E0C /* APIService.swift in Sources */,
				78A391DF2A00FFF600B32E0C /* ProductListViewModel.swift in Sources */,
				78A391DB29FAEC6D00B32E0C /* ProductList.swift in Sources */,
				78A391E12A01000A00B32E0C /* ProductListModel.swift in Sources */,
				78A391B129FAEBE100B32E0C /* ContentView.swift in Sources */,
				78A391AF29FAEBE100B32E0C /* DemoListAppApp.swift in Sources */,
			);
			runOnlyForDeploymentPostprocessing = 0;
		};
		78A391B729FAEBE800B32E0C /* Sources */ = {
			isa = PBXSourcesBuildPhase;
			buildActionMask = 2147483647;
			files = (
				78A391C029FAEBE800B32E0C /* DemoListAppTests.swift in Sources */,
			);
			runOnlyForDeploymentPostprocessing = 0;
		};
		78A391C129FAEBE800B32E0C /* Sources */ = {
			isa = PBXSourcesBuildPhase;
			buildActionMask = 2147483647;
			files = (
				78A391CA29FAEBE800B32E0C /* DemoListAppUITests.swift in Sources */,
				78A391CC29FAEBE800B32E0C /* DemoListAppUITestsLaunchTests.swift in Sources */,
			);
			runOnlyForDeploymentPostprocessing = 0;
		};
/* End PBXSourcesBuildPhase section */

/* Begin PBXTargetDependency section */
		78A391BD29FAEBE800B32E0C /* PBXTargetDependency */ = {
			isa = PBXTargetDependency;
			target = 78A391AA29FAEBE100B32E0C /* DemoListApp */;
			targetProxy = 78A391BC29FAEBE800B32E0C /* PBXContainerItemProxy */;
		};
		78A391C729FAEBE800B32E0C /* PBXTargetDependency */ = {
			isa = PBXTargetDependency;
			target = 78A391AA29FAEBE100B32E0C /* DemoListApp */;
			targetProxy = 78A391C629FAEBE800B32E0C /* PBXContainerItemProxy */;
		};
/* End PBXTargetDependency section */

/* Begin XCBuildConfiguration section */
		78A391CD29FAEBE800B32E0C /* Debug */ = {
			isa = XCBuildConfiguration;
			buildSettings = {
				ALWAYS_SEARCH_USER_PATHS = NO;
				CLANG_ANALYZER_NONNULL = YES;
				CLANG_ANALYZER_NUMBER_OBJECT_CONVERSION = YES_AGGRESSIVE;
				CLANG_CXX_LANGUAGE_STANDARD = "gnu++20";
				CLANG_ENABLE_MODULES = YES;
				CLANG_ENABLE_OBJC_ARC = YES;
				CLANG_ENABLE_OBJC_WEAK = YES;
				CLANG_WARN_BLOCK_CAPTURE_AUTORELEASING = YES;
				CLANG_WARN_BOOL_CONVERSION = YES;
				CLANG_WARN_COMMA = YES;
				CLANG_WARN_CONSTANT_CONVERSION = YES;
				CLANG_WARN_DEPRECATED_OBJC_IMPLEMENTATIONS = YES;
				CLANG_WARN_DIRECT_OBJC_ISA_USAGE = YES_ERROR;
				CLANG_WARN_DOCUMENTATION_COMMENTS = YES;
				CLANG_WARN_EMPTY_BODY = YES;
				CLANG_WARN_ENUM_CONVERSION = YES;
				CLANG_WARN_INFINITE_RECURSION = YES;
				CLANG_WARN_INT_CONVERSION = YES;
				CLANG_WARN_NON_LITERAL_NULL_CONVERSION = YES;
				CLANG_WARN_OBJC_IMPLICIT_RETAIN_SELF = YES;
				CLANG_WARN_OBJC_LITERAL_CONVERSION = YES;
				CLANG_WARN_OBJC_ROOT_CLASS = YES_ERROR;
				CLANG_WARN_QUOTED_INCLUDE_IN_FRAMEWORK_HEADER = YES;
				CLANG_WARN_RANGE_LOOP_ANALYSIS = YES;
				CLANG_WARN_STRICT_PROTOTYPES = YES;
				CLANG_WARN_SUSPICIOUS_MOVE = YES;
				CLANG_WARN_UNGUARDED_AVAILABILITY = YES_AGGRESSIVE;
				CLANG_WARN_UNREACHABLE_CODE = YES;
				CLANG_WARN__DUPLICATE_METHOD_MATCH = YES;
				COPY_PHASE_STRIP = NO;
				DEBUG_INFORMATION_FORMAT = dwarf;
				ENABLE_STRICT_OBJC_MSGSEND = YES;
				ENABLE_TESTABILITY = YES;
				GCC_C_LANGUAGE_STANDARD = gnu11;
				GCC_DYNAMIC_NO_PIC = NO;
				GCC_NO_COMMON_BLOCKS = YES;
				GCC_OPTIMIZATION_LEVEL = 0;
				GCC_PREPROCESSOR_DEFINITIONS = (
					"DEBUG=1",
					"$(inherited)",
				);
				GCC_WARN_64_TO_32_BIT_CONVERSION = YES;
				GCC_WARN_ABOUT_RETURN_TYPE = YES_ERROR;
				GCC_WARN_UNDECLARED_SELECTOR = YES;
				GCC_WARN_UNINITIALIZED_AUTOS = YES_AGGRESSIVE;
				GCC_WARN_UNUSED_FUNCTION = YES;
				GCC_WARN_UNUSED_VARIABLE = YES;
				IPHONEOS_DEPLOYMENT_TARGET = 16.2;
				MTL_ENABLE_DEBUG_INFO = INCLUDE_SOURCE;
				MTL_FAST_MATH = YES;
				ONLY_ACTIVE_ARCH = YES;
				SDKROOT = iphoneos;
				SWIFT_ACTIVE_COMPILATION_CONDITIONS = DEBUG;
				SWIFT_OPTIMIZATION_LEVEL = "-Onone";
			};
			name = Debug;
		};
		78A391CE29FAEBE800B32E0C /* Release */ = {
			isa = XCBuildConfiguration;
			buildSettings = {
				ALWAYS_SEARCH_USER_PATHS = NO;
				CLANG_ANALYZER_NONNULL = YES;
				CLANG_ANALYZER_NUMBER_OBJECT_CONVERSION = YES_AGGRESSIVE;
				CLANG_CXX_LANGUAGE_STANDARD = "gnu++20";
				CLANG_ENABLE_MODULES = YES;
				CLANG_ENABLE_OBJC_ARC = YES;
				CLANG_ENABLE_OBJC_WEAK = YES;
				CLANG_WARN_BLOCK_CAPTURE_AUTORELEASING = YES;
				CLANG_WARN_BOOL_CONVERSION = YES;
				CLANG_WARN_COMMA = YES;
				CLANG_WARN_CONSTANT_CONVERSION = YES;
				CLANG_WARN_DEPRECATED_OBJC_IMPLEMENTATIONS = YES;
				CLANG_WARN_DIRECT_OBJC_ISA_USAGE = YES_ERROR;
				CLANG_WARN_DOCUMENTATION_COMMENTS = YES;
				CLANG_WARN_EMPTY_BODY = YES;
				CLANG_WARN_ENUM_CONVERSION = YES;
				CLANG_WARN_INFINITE_RECURSION = YES;
				CLANG_WARN_INT_CONVERSION = YES;
				CLANG_WARN_NON_LITERAL_NULL_CONVERSION = YES;
				CLANG_WARN_OBJC_IMPLICIT_RETAIN_SELF = YES;
				CLANG_WARN_OBJC_LITERAL_CONVERSION = YES;
				CLANG_WARN_OBJC_ROOT_CLASS = YES_ERROR;
				CLANG_WARN_QUOTED_INCLUDE_IN_FRAMEWORK_HEADER = YES;
				CLANG_WARN_RANGE_LOOP_ANALYSIS = YES;
				CLANG_WARN_STRICT_PROTOTYPES = YES;
				CLANG_WARN_SUSPICIOUS_MOVE = YES;
				CLANG_WARN_UNGUARDED_AVAILABILITY = YES_AGGRESSIVE;
				CLANG_WARN_UNREACHABLE_CODE = YES;
				CLANG_WARN__DUPLICATE_METHOD_MATCH = YES;
				COPY_PHASE_STRIP = NO;
				DEBUG_INFORMATION_FORMAT = "dwarf-with-dsym";
				ENABLE_NS_ASSERTIONS = NO;
				ENABLE_STRICT_OBJC_MSGSEND = YES;
				GCC_C_LANGUAGE_STANDARD = gnu11;
				GCC_NO_COMMON_BLOCKS = YES;
				GCC_WARN_64_TO_32_BIT_CONVERSION = YES;
				GCC_WARN_ABOUT_RETURN_TYPE = YES_ERROR;
				GCC_WARN_UNDECLARED_SELECTOR = YES;
				GCC_WARN_UNINITIALIZED_AUTOS = YES_AGGRESSIVE;
				GCC_WARN_UNUSED_FUNCTION = YES;
				GCC_WARN_UNUSED_VARIABLE = YES;
				IPHONEOS_DEPLOYMENT_TARGET = 16.2;
				MTL_ENABLE_DEBUG_INFO = NO;
				MTL_FAST_MATH = YES;
				SDKROOT = iphoneos;
				SWIFT_COMPILATION_MODE = wholemodule;
				SWIFT_OPTIMIZATION_LEVEL = "-O";
				VALIDATE_PRODUCT = YES;
			};
			name = Release;
		};
		78A391D029FAEBE800B32E0C /* Debug */ = {
			isa = XCBuildConfiguration;
			buildSettings = {
				ASSETCATALOG_COMPILER_APPICON_NAME = AppIcon;
				ASSETCATALOG_COMPILER_GLOBAL_ACCENT_COLOR_NAME = AccentColor;
				CODE_SIGN_STYLE = Automatic;
				CURRENT_PROJECT_VERSION = 1;
				DEVELOPMENT_ASSET_PATHS = "\"DemoListApp/Preview Content\"";
				DEVELOPMENT_TEAM = 9MQ2W4TP67;
				ENABLE_PREVIEWS = YES;
				GENERATE_INFOPLIST_FILE = YES;
				INFOPLIST_FILE = DemoListApp/Info.plist;
				INFOPLIST_KEY_UIApplicationSupportsIndirectInputEvents = YES;
				INFOPLIST_KEY_UILaunchScreen_Generation = YES;
				INFOPLIST_KEY_UISupportedInterfaceOrientations_iPad = "UIInterfaceOrientationPortrait UIInterfaceOrientationPortraitUpsideDown UIInterfaceOrientationLandscapeLeft UIInterfaceOrientationLandscapeRight";
				INFOPLIST_KEY_UISupportedInterfaceOrientations_iPhone = "UIInterfaceOrientationPortrait UIInterfaceOrientationLandscapeLeft UIInterfaceOrientationLandscapeRight";
				LD_RUNPATH_SEARCH_PATHS = (
					"$(inherited)",
					"@executable_path/Frameworks",
				);
				MARKETING_VERSION = 1.0;
				PRODUCT_BUNDLE_IDENTIFIER = bhagwant.DemoListApp;
				PRODUCT_NAME = "$(TARGET_NAME)";
				SWIFT_EMIT_LOC_STRINGS = YES;
				SWIFT_OPTIMIZATION_LEVEL = "-Onone";
				SWIFT_VERSION = 5.0;
				TARGETED_DEVICE_FAMILY = "1,2";
			};
			name = Debug;
		};
		78A391D129FAEBE800B32E0C /* Release */ = {
			isa = XCBuildConfiguration;
			buildSettings = {
				ASSETCATALOG_COMPILER_APPICON_NAME = AppIcon;
				ASSETCATALOG_COMPILER_GLOBAL_ACCENT_COLOR_NAME = AccentColor;
				CODE_SIGN_STYLE = Automatic;
				CURRENT_PROJECT_VERSION = 1;
				DEVELOPMENT_ASSET_PATHS = "\"DemoListApp/Preview Content\"";
				DEVELOPMENT_TEAM = 9MQ2W4TP67;
				ENABLE_PREVIEWS = YES;
				GENERATE_INFOPLIST_FILE = YES;
				INFOPLIST_FILE = DemoListApp/Info.plist;
				INFOPLIST_KEY_UIApplicationSupportsIndirectInputEvents = YES;
				INFOPLIST_KEY_UILaunchScreen_Generation = YES;
				INFOPLIST_KEY_UISupportedInterfaceOrientations_iPad = "UIInterfaceOrientationPortrait UIInterfaceOrientationPortraitUpsideDown UIInterfaceOrientationLandscapeLeft UIInterfaceOrientationLandscapeRight";
				INFOPLIST_KEY_UISupportedInterfaceOrientations_iPhone = "UIInterfaceOrientationPortrait UIInterfaceOrientationLandscapeLeft UIInterfaceOrientationLandscapeRight";
				LD_RUNPATH_SEARCH_PATHS = (
					"$(inherited)",
					"@executable_path/Frameworks",
				);
				MARKETING_VERSION = 1.0;
				PRODUCT_BUNDLE_IDENTIFIER = bhagwant.DemoListApp;
				PRODUCT_NAME = "$(TARGET_NAME)";
				SWIFT_EMIT_LOC_STRINGS = YES;
				SWIFT_VERSION = 5.0;
				TARGETED_DEVICE_FAMILY = "1,2";
			};
			name = Release;
		};
		78A391D329FAEBE800B32E0C /* Debug */ = {
			isa = XCBuildConfiguration;
			buildSettings = {
				ALWAYS_EMBED_SWIFT_STANDARD_LIBRARIES = YES;
				BUNDLE_LOADER = "$(TEST_HOST)";
				CODE_SIGN_STYLE = Automatic;
				CURRENT_PROJECT_VERSION = 1;
				DEVELOPMENT_TEAM = 9MQ2W4TP67;
				GENERATE_INFOPLIST_FILE = YES;
				IPHONEOS_DEPLOYMENT_TARGET = 16.2;
				MARKETING_VERSION = 1.0;
				PRODUCT_BUNDLE_IDENTIFIER = bhagwant.DemoListAppTests;
				PRODUCT_NAME = "$(TARGET_NAME)";
				SWIFT_EMIT_LOC_STRINGS = NO;
				SWIFT_VERSION = 5.0;
				TARGETED_DEVICE_FAMILY = "1,2";
				TEST_HOST = "$(BUILT_PRODUCTS_DIR)/DemoListApp.app/$(BUNDLE_EXECUTABLE_FOLDER_PATH)/DemoListApp";
			};
			name = Debug;
		};
		78A391D429FAEBE800B32E0C /* Release */ = {
			isa = XCBuildConfiguration;
			buildSettings = {
				ALWAYS_EMBED_SWIFT_STANDARD_LIBRARIES = YES;
				BUNDLE_LOADER = "$(TEST_HOST)";
				CODE_SIGN_STYLE = Automatic;
				CURRENT_PROJECT_VERSION = 1;
				DEVELOPMENT_TEAM = 9MQ2W4TP67;
				GENERATE_INFOPLIST_FILE = YES;
				IPHONEOS_DEPLOYMENT_TARGET = 16.2;
				MARKETING_VERSION = 1.0;
				PRODUCT_BUNDLE_IDENTIFIER = bhagwant.DemoListAppTests;
				PRODUCT_NAME = "$(TARGET_NAME)";
				SWIFT_EMIT_LOC_STRINGS = NO;
				SWIFT_VERSION = 5.0;
				TARGETED_DEVICE_FAMILY = "1,2";
				TEST_HOST = "$(BUILT_PRODUCTS_DIR)/DemoListApp.app/$(BUNDLE_EXECUTABLE_FOLDER_PATH)/DemoListApp";
			};
			name = Release;
		};
		78A391D629FAEBE800B32E0C /* Debug */ = {
			isa = XCBuildConfiguration;
			buildSettings = {
				ALWAYS_EMBED_SWIFT_STANDARD_LIBRARIES = YES;
				CODE_SIGN_STYLE = Automatic;
				CURRENT_PROJECT_VERSION = 1;
				DEVELOPMENT_TEAM = 9MQ2W4TP67;
				GENERATE_INFOPLIST_FILE = YES;
				MARKETING_VERSION = 1.0;
				PRODUCT_BUNDLE_IDENTIFIER = bhagwant.DemoListAppUITests;
				PRODUCT_NAME = "$(TARGET_NAME)";
				SWIFT_EMIT_LOC_STRINGS = NO;
				SWIFT_VERSION = 5.0;
				TARGETED_DEVICE_FAMILY = "1,2";
				TEST_TARGET_NAME = DemoListApp;
			};
			name = Debug;
		};
		78A391D729FAEBE800B32E0C /* Release */ = {
			isa = XCBuildConfiguration;
			buildSettings = {
				ALWAYS_EMBED_SWIFT_STANDARD_LIBRARIES = YES;
				CODE_SIGN_STYLE = Automatic;
				CURRENT_PROJECT_VERSION = 1;
				DEVELOPMENT_TEAM = 9MQ2W4TP67;
				GENERATE_INFOPLIST_FILE = YES;
				MARKETING_VERSION = 1.0;
				PRODUCT_BUNDLE_IDENTIFIER = bhagwant.DemoListAppUITests;
				PRODUCT_NAME = "$(TARGET_NAME)";
				SWIFT_EMIT_LOC_STRINGS = NO;
				SWIFT_VERSION = 5.0;
				TARGETED_DEVICE_FAMILY = "1,2";
				TEST_TARGET_NAME = DemoListApp;
			};
			name = Release;
		};
/* End XCBuildConfiguration section */

/* Begin XCConfigurationList section */
		78A391A629FAEBE100B32E0C /* Build configuration list for PBXProject "DemoListApp" */ = {
			isa = XCConfigurationList;
			buildConfigurations = (
				78A391CD29FAEBE800B32E0C /* Debug */,
				78A391CE29FAEBE800B32E0C /* Release */,
			);
			defaultConfigurationIsVisible = 0;
			defaultConfigurationName = Release;
		};
		78A391CF29FAEBE800B32E0C /* Build configuration list for PBXNativeTarget "DemoListApp" */ = {
			isa = XCConfigurationList;
			buildConfigurations = (
				78A391D029FAEBE800B32E0C /* Debug */,
				78A391D129FAEBE800B32E0C /* Release */,
			);
			defaultConfigurationIsVisible = 0;
			defaultConfigurationName = Release;
		};
		78A391D229FAEBE800B32E0C /* Build configuration list for PBXNativeTarget "DemoListAppTests" */ = {
			isa = XCConfigurationList;
			buildConfigurations = (
				78A391D329FAEBE800B32E0C /* Debug */,
				78A391D429FAEBE800B32E0C /* Release */,
			);
			defaultConfigurationIsVisible = 0;
			defaultConfigurationName = Release;
		};
		78A391D529FAEBE800B32E0C /* Build configuration list for PBXNativeTarget "DemoListAppUITests" */ = {
			isa = XCConfigurationList;
			buildConfigurations = (
				78A391D629FAEBE800B32E0C /* Debug */,
				78A391D729FAEBE800B32E0C /* Release */,
			);
			defaultConfigurationIsVisible = 0;
			defaultConfigurationName = Release;
		};
/* End XCConfigurationList section */
	};
	rootObject = 78A391A329FAEBE100B32E0C /* Project object */;
}
